
Microsoft Visual Studio Solution File, Format Version 12.00
# Visual Studio 15
VisualStudioVersion = 15.0.28307.1022
MinimumVisualStudioVersion = 10.0.40219.1
Project("{FAE04EC0-301F-11D3-BF4B-00C04F79EFBC}") = "FinalProjectMovies", "FinalProjectMovies\FinalProjectMovies.csproj", "{0BD544ED-C04F-49A1-B386-1AD27746CB28}"
EndProject
Global
	GlobalSection(SolutionConfigurationPlatforms) = preSolution
		Debug|Any CPU = Debug|Any CPU
		Release|Any CPU = Release|Any CPU
	EndGlobalSection
	GlobalSection(ProjectConfigurationPlatforms) = postSolution
		{0BD544ED-C04F-49A1-B386-1AD27746CB28}.Debug|Any CPU.ActiveCfg = Debug|Any CPU
		{0BD544ED-C04F-49A1-B386-1AD27746CB28}.Debug|Any CPU.Build.0 = Debug|Any CPU
		{0BD544ED-C04F-49A1-B386-1AD27746CB28}.Release|Any CPU.ActiveCfg = Release|Any CPU
		{0BD544ED-C04F-49A1-B386-1AD27746CB28}.Release|Any CPU.Build.0 = Release|Any CPU
	EndGlobalSection
	GlobalSection(SolutionProperties) = preSolution
		HideSolutionNode = FALSE
	EndGlobalSection
	GlobalSection(ExtensibilityGlobals) = postSolution
		SolutionGuid = {CAA1096B-E3B8-49DA-9497-B109CBFD40FA}
	EndGlobalSection
EndGlobal
